
Microsoft Visual Studio Solution File, Format Version 12.00
# Visual Studio Version 17
VisualStudioVersion = 17.5.33502.453
MinimumVisualStudioVersion = 10.0.40219.1
Project("{9A19103F-16F7-4668-BE54-9A1E7A4F7556}") = "FunMediaStore", "FunMediaStore.csproj", "{AE3A93B5-EFE8-43E4-874D-86B47CFA1A45}"
EndProject
Project("{2150E333-8FDC-42A3-9474-1A3956D46DE8}") = "Solution Items", "Solution Items", "{C30FAF3A-5FA5-46C0-910F-DE051E7ABDF8}"
	ProjectSection(SolutionItems) = preProject
		readme.md = readme.md
	EndProjectSection
EndProject
Project("{FAE04EC0-301F-11D3-BF4B-00C04F79EFBC}") = "FunMediaStoreTests", "..\FunMediaStoreTests\FunMediaStoreTests.csproj", "{B0B0F893-DC90-42EF-801E-D6BF370B1FAF}"
EndProject
Global
	GlobalSection(SolutionConfigurationPlatforms) = preSolution
		Debug|Any CPU = Debug|Any CPU
		Release|Any CPU = Release|Any CPU
	EndGlobalSection
	GlobalSection(ProjectConfigurationPlatforms) = postSolution
		{AE3A93B5-EFE8-43E4-874D-86B47CFA1A45}.Debug|Any CPU.ActiveCfg = Debug|Any CPU
		{AE3A93B5-EFE8-43E4-874D-86B47CFA1A45}.Debug|Any CPU.Build.0 = Debug|Any CPU
		{AE3A93B5-EFE8-43E4-874D-86B47CFA1A45}.Release|Any CPU.ActiveCfg = Release|Any CPU
		{AE3A93B5-EFE8-43E4-874D-86B47CFA1A45}.Release|Any CPU.Build.0 = Release|Any CPU
		{B0B0F893-DC90-42EF-801E-D6BF370B1FAF}.Debug|Any CPU.ActiveCfg = Debug|Any CPU
		{B0B0F893-DC90-42EF-801E-D6BF370B1FAF}.Debug|Any CPU.Build.0 = Debug|Any CPU
		{B0B0F893-DC90-42EF-801E-D6BF370B1FAF}.Release|Any CPU.ActiveCfg = Release|Any CPU
		{B0B0F893-DC90-42EF-801E-D6BF370B1FAF}.Release|Any CPU.Build.0 = Release|Any CPU
	EndGlobalSection
	GlobalSection(SolutionProperties) = preSolution
		HideSolutionNode = FALSE
	EndGlobalSection
	GlobalSection(ExtensibilityGlobals) = postSolution
		SolutionGuid = {1143945E-B272-4012-9BFF-12FAA9B72C09}
	EndGlobalSection
EndGlobal
